# THIS IS AN AUTOGENERATED FILE. DO NOT EDIT THIS FILE DIRECTLY.
# yarn lockfile v1


"@straw-hat/prettier-config@^1.0.2":
  version "1.0.2"
  resolved "https://registry.yarnpkg.com/@straw-hat/prettier-config/-/prettier-config-1.0.2.tgz#9d881f4cfd5f32ff5bc57e0b5393b6b04a62835a"
  integrity sha512-LZMnLfisftVvIXzFu2IIexyNXcLxElFGX2hIUOBgYznGVZrcR0SqMQu1D/PdcJW7+YjwKqR/2OtYyTqzfzgGXQ==
